
Microsoft Visual Studio Solution File, Format Version 12.00
# Visual Studio Version 16
VisualStudioVersion = 16.0.29709.97
MinimumVisualStudioVersion = 10.0.40219.1
Project("{FAE04EC0-301F-11D3-BF4B-00C04F79EFBC}") = "Number_one_one", "InstitutCSharpLabs\Number_one_one.csproj", "{81BECCCB-0FCE-4C8A-9A47-AE1AD43E9F1B}"
EndProject
Project("{FAE04EC0-301F-11D3-BF4B-00C04F79EFBC}") = "Number_one_two", "Number_one_two\Number_one_two.csproj", "{0AE28C78-167E-4E2E-93D5-BC28F162EF32}"
EndProject
Project("{FAE04EC0-301F-11D3-BF4B-00C04F79EFBC}") = "Number_two_one", "Number_two_one\Number_two_one.csproj", "{7220F212-D579-417D-B10D-B94D865FA825}"
EndProject
Global
	GlobalSection(SolutionConfigurationPlatforms) = preSolution
		Debug|Any CPU = Debug|Any CPU
		Release|Any CPU = Release|Any CPU
	EndGlobalSection
	GlobalSection(ProjectConfigurationPlatforms) = postSolution
		{81BECCCB-0FCE-4C8A-9A47-AE1AD43E9F1B}.Debug|Any CPU.ActiveCfg = Debug|Any CPU
		{81BECCCB-0FCE-4C8A-9A47-AE1AD43E9F1B}.Debug|Any CPU.Build.0 = Debug|Any CPU
		{81BECCCB-0FCE-4C8A-9A47-AE1AD43E9F1B}.Release|Any CPU.ActiveCfg = Release|Any CPU
		{81BECCCB-0FCE-4C8A-9A47-AE1AD43E9F1B}.Release|Any CPU.Build.0 = Release|Any CPU
		{0AE28C78-167E-4E2E-93D5-BC28F162EF32}.Debug|Any CPU.ActiveCfg = Debug|Any CPU
		{0AE28C78-167E-4E2E-93D5-BC28F162EF32}.Debug|Any CPU.Build.0 = Debug|Any CPU
		{0AE28C78-167E-4E2E-93D5-BC28F162EF32}.Release|Any CPU.ActiveCfg = Release|Any CPU
		{0AE28C78-167E-4E2E-93D5-BC28F162EF32}.Release|Any CPU.Build.0 = Release|Any CPU
		{7220F212-D579-417D-B10D-B94D865FA825}.Debug|Any CPU.ActiveCfg = Debug|Any CPU
		{7220F212-D579-417D-B10D-B94D865FA825}.Debug|Any CPU.Build.0 = Debug|Any CPU
		{7220F212-D579-417D-B10D-B94D865FA825}.Release|Any CPU.ActiveCfg = Release|Any CPU
		{7220F212-D579-417D-B10D-B94D865FA825}.Release|Any CPU.Build.0 = Release|Any CPU
	EndGlobalSection
	GlobalSection(SolutionProperties) = preSolution
		HideSolutionNode = FALSE
	EndGlobalSection
	GlobalSection(ExtensibilityGlobals) = postSolution
		SolutionGuid = {B00F7EBC-E619-47DE-8AC7-CFA0DE22302D}
	EndGlobalSection
EndGlobal
