
Microsoft Visual Studio Solution File, Format Version 12.00
# Visual Studio Version 17
VisualStudioVersion = 17.0.32112.339
MinimumVisualStudioVersion = 10.0.40219.1
Project("{9A19103F-16F7-4668-BE54-9A1E7A4F7556}") = "Number_one_one", "InstitutCSharpLabs\Number_one_one.csproj", "{81BECCCB-0FCE-4C8A-9A47-AE1AD43E9F1B}"
EndProject
Project("{9A19103F-16F7-4668-BE54-9A1E7A4F7556}") = "Number_one_two", "Number_one_two\Number_one_two.csproj", "{0AE28C78-167E-4E2E-93D5-BC28F162EF32}"
EndProject
Project("{9A19103F-16F7-4668-BE54-9A1E7A4F7556}") = "Number_two_one", "Number_two_one\Number_two_one.csproj", "{7220F212-D579-417D-B10D-B94D865FA825}"
EndProject
Project("{9A19103F-16F7-4668-BE54-9A1E7A4F7556}") = "Number_two_two", "Number_two_two\Number_two_two.csproj", "{1E6786C7-54F2-4BF9-ABD4-4613741B10E7}"
EndProject
Project("{9A19103F-16F7-4668-BE54-9A1E7A4F7556}") = "Number_two_three", "Number_two_three\Number_two_three.csproj", "{6E0E421B-9B6D-441B-9C42-D208B69FBD79}"
EndProject
Project("{9A19103F-16F7-4668-BE54-9A1E7A4F7556}") = "Number_two_four", "Number_two_four\Number_two_four.csproj", "{E8D86734-84EA-4962-87EB-1655DB0097A7}"
EndProject
Project("{9A19103F-16F7-4668-BE54-9A1E7A4F7556}") = "Number_two_five", "Number_two_five\Number_two_five.csproj", "{29001392-6F0F-4524-8AEB-897916329F33}"
EndProject
Project("{FAE04EC0-301F-11D3-BF4B-00C04F79EFBC}") = "Number_two_six", "Number_two_six\Number_two_six.csproj", "{6BE82A67-0747-4013-9E05-DAF56DE0B86C}"
EndProject
Project("{FAE04EC0-301F-11D3-BF4B-00C04F79EFBC}") = "Number_two_seven", "Number_two_seven\Number_two_seven.csproj", "{94A9ADB3-F31D-4275-B882-1C9316D79AAB}"
EndProject
Global
	GlobalSection(SolutionConfigurationPlatforms) = preSolution
		Debug|Any CPU = Debug|Any CPU
		Release|Any CPU = Release|Any CPU
	EndGlobalSection
	GlobalSection(ProjectConfigurationPlatforms) = postSolution
		{81BECCCB-0FCE-4C8A-9A47-AE1AD43E9F1B}.Debug|Any CPU.ActiveCfg = Debug|Any CPU
		{81BECCCB-0FCE-4C8A-9A47-AE1AD43E9F1B}.Debug|Any CPU.Build.0 = Debug|Any CPU
		{81BECCCB-0FCE-4C8A-9A47-AE1AD43E9F1B}.Release|Any CPU.ActiveCfg = Release|Any CPU
		{81BECCCB-0FCE-4C8A-9A47-AE1AD43E9F1B}.Release|Any CPU.Build.0 = Release|Any CPU
		{0AE28C78-167E-4E2E-93D5-BC28F162EF32}.Debug|Any CPU.ActiveCfg = Debug|Any CPU
		{0AE28C78-167E-4E2E-93D5-BC28F162EF32}.Debug|Any CPU.Build.0 = Debug|Any CPU
		{0AE28C78-167E-4E2E-93D5-BC28F162EF32}.Release|Any CPU.ActiveCfg = Release|Any CPU
		{0AE28C78-167E-4E2E-93D5-BC28F162EF32}.Release|Any CPU.Build.0 = Release|Any CPU
		{7220F212-D579-417D-B10D-B94D865FA825}.Debug|Any CPU.ActiveCfg = Debug|Any CPU
		{7220F212-D579-417D-B10D-B94D865FA825}.Debug|Any CPU.Build.0 = Debug|Any CPU
		{7220F212-D579-417D-B10D-B94D865FA825}.Release|Any CPU.ActiveCfg = Release|Any CPU
		{7220F212-D579-417D-B10D-B94D865FA825}.Release|Any CPU.Build.0 = Release|Any CPU
		{1E6786C7-54F2-4BF9-ABD4-4613741B10E7}.Debug|Any CPU.ActiveCfg = Debug|Any CPU
		{1E6786C7-54F2-4BF9-ABD4-4613741B10E7}.Debug|Any CPU.Build.0 = Debug|Any CPU
		{1E6786C7-54F2-4BF9-ABD4-4613741B10E7}.Release|Any CPU.ActiveCfg = Release|Any CPU
		{1E6786C7-54F2-4BF9-ABD4-4613741B10E7}.Release|Any CPU.Build.0 = Release|Any CPU
		{6E0E421B-9B6D-441B-9C42-D208B69FBD79}.Debug|Any CPU.ActiveCfg = Debug|Any CPU
		{6E0E421B-9B6D-441B-9C42-D208B69FBD79}.Debug|Any CPU.Build.0 = Debug|Any CPU
		{6E0E421B-9B6D-441B-9C42-D208B69FBD79}.Release|Any CPU.ActiveCfg = Release|Any CPU
		{6E0E421B-9B6D-441B-9C42-D208B69FBD79}.Release|Any CPU.Build.0 = Release|Any CPU
		{E8D86734-84EA-4962-87EB-1655DB0097A7}.Debug|Any CPU.ActiveCfg = Debug|Any CPU
		{E8D86734-84EA-4962-87EB-1655DB0097A7}.Debug|Any CPU.Build.0 = Debug|Any CPU
		{E8D86734-84EA-4962-87EB-1655DB0097A7}.Release|Any CPU.ActiveCfg = Release|Any CPU
		{E8D86734-84EA-4962-87EB-1655DB0097A7}.Release|Any CPU.Build.0 = Release|Any CPU
		{29001392-6F0F-4524-8AEB-897916329F33}.Debug|Any CPU.ActiveCfg = Debug|Any CPU
		{29001392-6F0F-4524-8AEB-897916329F33}.Debug|Any CPU.Build.0 = Debug|Any CPU
		{29001392-6F0F-4524-8AEB-897916329F33}.Release|Any CPU.ActiveCfg = Release|Any CPU
		{29001392-6F0F-4524-8AEB-897916329F33}.Release|Any CPU.Build.0 = Release|Any CPU
		{6BE82A67-0747-4013-9E05-DAF56DE0B86C}.Debug|Any CPU.ActiveCfg = Debug|Any CPU
		{6BE82A67-0747-4013-9E05-DAF56DE0B86C}.Debug|Any CPU.Build.0 = Debug|Any CPU
		{6BE82A67-0747-4013-9E05-DAF56DE0B86C}.Release|Any CPU.ActiveCfg = Release|Any CPU
		{6BE82A67-0747-4013-9E05-DAF56DE0B86C}.Release|Any CPU.Build.0 = Release|Any CPU
		{94A9ADB3-F31D-4275-B882-1C9316D79AAB}.Debug|Any CPU.ActiveCfg = Debug|Any CPU
		{94A9ADB3-F31D-4275-B882-1C9316D79AAB}.Debug|Any CPU.Build.0 = Debug|Any CPU
		{94A9ADB3-F31D-4275-B882-1C9316D79AAB}.Release|Any CPU.ActiveCfg = Release|Any CPU
		{94A9ADB3-F31D-4275-B882-1C9316D79AAB}.Release|Any CPU.Build.0 = Release|Any CPU
	EndGlobalSection
	GlobalSection(SolutionProperties) = preSolution
		HideSolutionNode = FALSE
	EndGlobalSection
	GlobalSection(ExtensibilityGlobals) = postSolution
		SolutionGuid = {B00F7EBC-E619-47DE-8AC7-CFA0DE22302D}
	EndGlobalSection
EndGlobal
